
Microsoft Visual Studio Solution File, Format Version 12.00
# Visual Studio Version 17
VisualStudioVersion = 17.1.32319.34
MinimumVisualStudioVersion = 10.0.40219.1
Project("{FAE04EC0-301F-11D3-BF4B-00C04F79EFBC}") = "Bonus-CibiPreferiti", "Bonus-CibiPreferiti\Bonus-CibiPreferiti.csproj", "{FD3062D9-C445-4934-B787-8F3F0E5FAF6A}"
EndProject
Global
	GlobalSection(SolutionConfigurationPlatforms) = preSolution
		Debug|Any CPU = Debug|Any CPU
		Release|Any CPU = Release|Any CPU
	EndGlobalSection
	GlobalSection(ProjectConfigurationPlatforms) = postSolution
		{FD3062D9-C445-4934-B787-8F3F0E5FAF6A}.Debug|Any CPU.ActiveCfg = Debug|Any CPU
		{FD3062D9-C445-4934-B787-8F3F0E5FAF6A}.Debug|Any CPU.Build.0 = Debug|Any CPU
		{FD3062D9-C445-4934-B787-8F3F0E5FAF6A}.Release|Any CPU.ActiveCfg = Release|Any CPU
		{FD3062D9-C445-4934-B787-8F3F0E5FAF6A}.Release|Any CPU.Build.0 = Release|Any CPU
	EndGlobalSection
	GlobalSection(SolutionProperties) = preSolution
		HideSolutionNode = FALSE
	EndGlobalSection
	GlobalSection(ExtensibilityGlobals) = postSolution
		SolutionGuid = {938D5C42-8D99-4155-98DF-F3951399B886}
	EndGlobalSection
EndGlobal
